
Microsoft Visual Studio Solution File, Format Version 12.00
# Visual Studio Version 17
VisualStudioVersion = 17.1.32228.430
MinimumVisualStudioVersion = 10.0.40219.1
Project("{FAE04EC0-301F-11D3-BF4B-00C04F79EFBC}") = "CAL.Android", "CAL\CAL.Android\CAL.Android.csproj", "{31FBB0F5-1C1E-4719-B690-737A47C29D25}"
EndProject
Project("{FAE04EC0-301F-11D3-BF4B-00C04F79EFBC}") = "CAL.iOS", "CAL\CAL.iOS\CAL.iOS.csproj", "{67342E4A-B9ED-4A29-AF54-5BA72D80543D}"
EndProject
Project("{9A19103F-16F7-4668-BE54-9A1E7A4F7556}") = "CAL", "CAL\CAL\CAL.csproj", "{C77E2285-CB3A-45A4-A7B1-46FCD6A0810A}"
EndProject
Project("{9A19103F-16F7-4668-BE54-9A1E7A4F7556}") = "CAL.Client", "CAL.Client\CAL.Client.csproj", "{0EC58D94-7C40-4CA4-93DF-9F41D3387A2E}"
EndProject
Project("{FAE04EC0-301F-11D3-BF4B-00C04F79EFBC}") = "CAL.CLI", "CAL.CLI\CAL.CLI.csproj", "{2D6125B8-AA30-4970-B8C1-681E2A60E0CD}"
EndProject
Global
	GlobalSection(SolutionConfigurationPlatforms) = preSolution
		Debug|Any CPU = Debug|Any CPU
		Debug|iPhone = Debug|iPhone
		Debug|iPhoneSimulator = Debug|iPhoneSimulator
		Release|Any CPU = Release|Any CPU
		Release|iPhone = Release|iPhone
		Release|iPhoneSimulator = Release|iPhoneSimulator
	EndGlobalSection
	GlobalSection(ProjectConfigurationPlatforms) = postSolution
		{31FBB0F5-1C1E-4719-B690-737A47C29D25}.Debug|Any CPU.ActiveCfg = Debug|Any CPU
		{31FBB0F5-1C1E-4719-B690-737A47C29D25}.Debug|Any CPU.Build.0 = Debug|Any CPU
		{31FBB0F5-1C1E-4719-B690-737A47C29D25}.Debug|Any CPU.Deploy.0 = Debug|Any CPU
		{31FBB0F5-1C1E-4719-B690-737A47C29D25}.Debug|iPhone.ActiveCfg = Debug|Any CPU
		{31FBB0F5-1C1E-4719-B690-737A47C29D25}.Debug|iPhone.Build.0 = Debug|Any CPU
		{31FBB0F5-1C1E-4719-B690-737A47C29D25}.Debug|iPhone.Deploy.0 = Debug|Any CPU
		{31FBB0F5-1C1E-4719-B690-737A47C29D25}.Debug|iPhoneSimulator.ActiveCfg = Debug|Any CPU
		{31FBB0F5-1C1E-4719-B690-737A47C29D25}.Debug|iPhoneSimulator.Build.0 = Debug|Any CPU
		{31FBB0F5-1C1E-4719-B690-737A47C29D25}.Debug|iPhoneSimulator.Deploy.0 = Debug|Any CPU
		{31FBB0F5-1C1E-4719-B690-737A47C29D25}.Release|Any CPU.ActiveCfg = Release|Any CPU
		{31FBB0F5-1C1E-4719-B690-737A47C29D25}.Release|Any CPU.Build.0 = Release|Any CPU
		{31FBB0F5-1C1E-4719-B690-737A47C29D25}.Release|Any CPU.Deploy.0 = Release|Any CPU
		{31FBB0F5-1C1E-4719-B690-737A47C29D25}.Release|iPhone.ActiveCfg = Release|Any CPU
		{31FBB0F5-1C1E-4719-B690-737A47C29D25}.Release|iPhone.Build.0 = Release|Any CPU
		{31FBB0F5-1C1E-4719-B690-737A47C29D25}.Release|iPhone.Deploy.0 = Release|Any CPU
		{31FBB0F5-1C1E-4719-B690-737A47C29D25}.Release|iPhoneSimulator.ActiveCfg = Release|Any CPU
		{31FBB0F5-1C1E-4719-B690-737A47C29D25}.Release|iPhoneSimulator.Build.0 = Release|Any CPU
		{31FBB0F5-1C1E-4719-B690-737A47C29D25}.Release|iPhoneSimulator.Deploy.0 = Release|Any CPU
		{67342E4A-B9ED-4A29-AF54-5BA72D80543D}.Debug|Any CPU.ActiveCfg = Debug|iPhone
		{67342E4A-B9ED-4A29-AF54-5BA72D80543D}.Debug|Any CPU.Build.0 = Debug|iPhone
		{67342E4A-B9ED-4A29-AF54-5BA72D80543D}.Debug|Any CPU.Deploy.0 = Debug|iPhone
		{67342E4A-B9ED-4A29-AF54-5BA72D80543D}.Debug|iPhone.ActiveCfg = Debug|iPhone
		{67342E4A-B9ED-4A29-AF54-5BA72D80543D}.Debug|iPhone.Build.0 = Debug|iPhone
		{67342E4A-B9ED-4A29-AF54-5BA72D80543D}.Debug|iPhone.Deploy.0 = Debug|iPhone
		{67342E4A-B9ED-4A29-AF54-5BA72D80543D}.Debug|iPhoneSimulator.ActiveCfg = Debug|iPhoneSimulator
		{67342E4A-B9ED-4A29-AF54-5BA72D80543D}.Debug|iPhoneSimulator.Build.0 = Debug|iPhoneSimulator
		{67342E4A-B9ED-4A29-AF54-5BA72D80543D}.Debug|iPhoneSimulator.Deploy.0 = Debug|iPhoneSimulator
		{67342E4A-B9ED-4A29-AF54-5BA72D80543D}.Release|Any CPU.ActiveCfg = Release|iPhoneSimulator
		{67342E4A-B9ED-4A29-AF54-5BA72D80543D}.Release|Any CPU.Build.0 = Release|iPhoneSimulator
		{67342E4A-B9ED-4A29-AF54-5BA72D80543D}.Release|Any CPU.Deploy.0 = Release|iPhoneSimulator
		{67342E4A-B9ED-4A29-AF54-5BA72D80543D}.Release|iPhone.ActiveCfg = Release|iPhone
		{67342E4A-B9ED-4A29-AF54-5BA72D80543D}.Release|iPhone.Build.0 = Release|iPhone
		{67342E4A-B9ED-4A29-AF54-5BA72D80543D}.Release|iPhone.Deploy.0 = Release|iPhone
		{67342E4A-B9ED-4A29-AF54-5BA72D80543D}.Release|iPhoneSimulator.ActiveCfg = Release|iPhoneSimulator
		{67342E4A-B9ED-4A29-AF54-5BA72D80543D}.Release|iPhoneSimulator.Build.0 = Release|iPhoneSimulator
		{67342E4A-B9ED-4A29-AF54-5BA72D80543D}.Release|iPhoneSimulator.Deploy.0 = Release|iPhoneSimulator
		{C77E2285-CB3A-45A4-A7B1-46FCD6A0810A}.Debug|Any CPU.ActiveCfg = Debug|Any CPU
		{C77E2285-CB3A-45A4-A7B1-46FCD6A0810A}.Debug|Any CPU.Build.0 = Debug|Any CPU
		{C77E2285-CB3A-45A4-A7B1-46FCD6A0810A}.Debug|Any CPU.Deploy.0 = Debug|Any CPU
		{C77E2285-CB3A-45A4-A7B1-46FCD6A0810A}.Debug|iPhone.ActiveCfg = Debug|Any CPU
		{C77E2285-CB3A-45A4-A7B1-46FCD6A0810A}.Debug|iPhone.Build.0 = Debug|Any CPU
		{C77E2285-CB3A-45A4-A7B1-46FCD6A0810A}.Debug|iPhone.Deploy.0 = Debug|Any CPU
		{C77E2285-CB3A-45A4-A7B1-46FCD6A0810A}.Debug|iPhoneSimulator.ActiveCfg = Debug|Any CPU
		{C77E2285-CB3A-45A4-A7B1-46FCD6A0810A}.Debug|iPhoneSimulator.Build.0 = Debug|Any CPU
		{C77E2285-CB3A-45A4-A7B1-46FCD6A0810A}.Debug|iPhoneSimulator.Deploy.0 = Debug|Any CPU
		{C77E2285-CB3A-45A4-A7B1-46FCD6A0810A}.Release|Any CPU.ActiveCfg = Release|Any CPU
		{C77E2285-CB3A-45A4-A7B1-46FCD6A0810A}.Release|Any CPU.Build.0 = Release|Any CPU
		{C77E2285-CB3A-45A4-A7B1-46FCD6A0810A}.Release|Any CPU.Deploy.0 = Release|Any CPU
		{C77E2285-CB3A-45A4-A7B1-46FCD6A0810A}.Release|iPhone.ActiveCfg = Release|Any CPU
		{C77E2285-CB3A-45A4-A7B1-46FCD6A0810A}.Release|iPhone.Build.0 = Release|Any CPU
		{C77E2285-CB3A-45A4-A7B1-46FCD6A0810A}.Release|iPhone.Deploy.0 = Release|Any CPU
		{C77E2285-CB3A-45A4-A7B1-46FCD6A0810A}.Release|iPhoneSimulator.ActiveCfg = Release|Any CPU
		{C77E2285-CB3A-45A4-A7B1-46FCD6A0810A}.Release|iPhoneSimulator.Build.0 = Release|Any CPU
		{C77E2285-CB3A-45A4-A7B1-46FCD6A0810A}.Release|iPhoneSimulator.Deploy.0 = Release|Any CPU
		{0EC58D94-7C40-4CA4-93DF-9F41D3387A2E}.Debug|Any CPU.ActiveCfg = Debug|Any CPU
		{0EC58D94-7C40-4CA4-93DF-9F41D3387A2E}.Debug|Any CPU.Build.0 = Debug|Any CPU
		{0EC58D94-7C40-4CA4-93DF-9F41D3387A2E}.Debug|iPhone.ActiveCfg = Debug|Any CPU
		{0EC58D94-7C40-4CA4-93DF-9F41D3387A2E}.Debug|iPhone.Build.0 = Debug|Any CPU
		{0EC58D94-7C40-4CA4-93DF-9F41D3387A2E}.Debug|iPhoneSimulator.ActiveCfg = Debug|Any CPU
		{0EC58D94-7C40-4CA4-93DF-9F41D3387A2E}.Debug|iPhoneSimulator.Build.0 = Debug|Any CPU
		{0EC58D94-7C40-4CA4-93DF-9F41D3387A2E}.Release|Any CPU.ActiveCfg = Release|Any CPU
		{0EC58D94-7C40-4CA4-93DF-9F41D3387A2E}.Release|Any CPU.Build.0 = Release|Any CPU
		{0EC58D94-7C40-4CA4-93DF-9F41D3387A2E}.Release|iPhone.ActiveCfg = Release|Any CPU
		{0EC58D94-7C40-4CA4-93DF-9F41D3387A2E}.Release|iPhone.Build.0 = Release|Any CPU
		{0EC58D94-7C40-4CA4-93DF-9F41D3387A2E}.Release|iPhoneSimulator.ActiveCfg = Release|Any CPU
		{0EC58D94-7C40-4CA4-93DF-9F41D3387A2E}.Release|iPhoneSimulator.Build.0 = Release|Any CPU
		{2D6125B8-AA30-4970-B8C1-681E2A60E0CD}.Debug|Any CPU.ActiveCfg = Debug|Any CPU
		{2D6125B8-AA30-4970-B8C1-681E2A60E0CD}.Debug|Any CPU.Build.0 = Debug|Any CPU
		{2D6125B8-AA30-4970-B8C1-681E2A60E0CD}.Debug|iPhone.ActiveCfg = Debug|Any CPU
		{2D6125B8-AA30-4970-B8C1-681E2A60E0CD}.Debug|iPhone.Build.0 = Debug|Any CPU
		{2D6125B8-AA30-4970-B8C1-681E2A60E0CD}.Debug|iPhoneSimulator.ActiveCfg = Debug|Any CPU
		{2D6125B8-AA30-4970-B8C1-681E2A60E0CD}.Debug|iPhoneSimulator.Build.0 = Debug|Any CPU
		{2D6125B8-AA30-4970-B8C1-681E2A60E0CD}.Release|Any CPU.ActiveCfg = Release|Any CPU
		{2D6125B8-AA30-4970-B8C1-681E2A60E0CD}.Release|Any CPU.Build.0 = Release|Any CPU
		{2D6125B8-AA30-4970-B8C1-681E2A60E0CD}.Release|iPhone.ActiveCfg = Release|Any CPU
		{2D6125B8-AA30-4970-B8C1-681E2A60E0CD}.Release|iPhone.Build.0 = Release|Any CPU
		{2D6125B8-AA30-4970-B8C1-681E2A60E0CD}.Release|iPhoneSimulator.ActiveCfg = Release|Any CPU
		{2D6125B8-AA30-4970-B8C1-681E2A60E0CD}.Release|iPhoneSimulator.Build.0 = Release|Any CPU
	EndGlobalSection
	GlobalSection(SolutionProperties) = preSolution
		HideSolutionNode = FALSE
	EndGlobalSection
	GlobalSection(ExtensibilityGlobals) = postSolution
		SolutionGuid = {FB9BE1C8-746F-4EDE-9610-478D3273CED5}
	EndGlobalSection
EndGlobal
